{
  "name": "hms",
  "version": "1.0.0",
  "lockfileVersion": 3,
  "requires": true,
  "packages": {
    "": {
      "name": "hms",
      "version": "1.0.0",
      "license": "ISC",
      "devDependencies": {
        "gitleaks": "^1.0.0",
        "husky": "^9.1.7"
      }
    },
    "node_modules/gitleaks": {
      "version": "1.0.0",
      "resolved": "https://registry.npmjs.org/gitleaks/-/gitleaks-1.0.0.tgz",
      "integrity": "sha512-mTtKkWCAeHnTiBmRzjKnot8D8zX/JVDuRffuvSCr+z93vuBXygeifGZ7lXOB8Hjxto+DikSoF0XXfxntd1BZSQ==",
      "dev": true,
      "license": "ISC"
    },
    "node_modules/husky": {
      "version": "9.1.7",
      "resolved": "https://registry.npmjs.org/husky/-/husky-9.1.7.tgz",
      "integrity": "sha512-5gs5ytaNjBrh5Ow3zrvdUUY+0VxIuWVL4i9irt6friV+BqdCfmV11CQTWMiBYWHbXhco+J1kHfTOUkePhCDvMA==",
      "dev": true,
      "license": "MIT",
      "bin": {
        "husky": "bin.js"
      },
      "engines": {
        "node": ">=18"
      },
      "funding": {
        "url": "https://github.com/sponsors/typicode"
      }
    }
  }
}
